
Microsoft Visual Studio Solution File, Format Version 10.00
# Visual Studio 2008
Project("{8BC9CEB8-8B4A-11D0-8D11-00A0C91BC942}") = "FaceAlign", "FaceAlign\FaceAlign.vcproj", "{DFA00580-5944-4AF4-9D27-A083BD64B988}"
	ProjectSection(ProjectDependencies) = postProject
		{D46F141D-C0E8-4DA6-918C-976101B3998E} = {D46F141D-C0E8-4DA6-918C-976101B3998E}
	EndProjectSection
EndProject
Project("{8BC9CEB8-8B4A-11D0-8D11-00A0C91BC942}") = "tools", "tools\tools.vcproj", "{D46F141D-C0E8-4DA6-918C-976101B3998E}"
EndProject
Project("{8BC9CEB8-8B4A-11D0-8D11-00A0C91BC942}") = "LightPrep", "LightPrep\LightPrep.vcproj", "{84FD4FE6-F0CE-4669-B77A-440AF6D795EA}"
	ProjectSection(ProjectDependencies) = postProject
		{D46F141D-C0E8-4DA6-918C-976101B3998E} = {D46F141D-C0E8-4DA6-918C-976101B3998E}
	EndProjectSection
EndProject
Project("{8BC9CEB8-8B4A-11D0-8D11-00A0C91BC942}") = "FaceFeature", "FaceFeature\FaceFeature.vcproj", "{4643B42E-78DE-47E7-9A13-1D1F0E24CBAE}"
	ProjectSection(ProjectDependencies) = postProject
		{D46F141D-C0E8-4DA6-918C-976101B3998E} = {D46F141D-C0E8-4DA6-918C-976101B3998E}
	EndProjectSection
EndProject
Project("{8BC9CEB8-8B4A-11D0-8D11-00A0C91BC942}") = "Subspace", "Subspace\Subspace.vcproj", "{48125A94-D80F-4489-BD26-7F7F858251CB}"
	ProjectSection(ProjectDependencies) = postProject
		{D46F141D-C0E8-4DA6-918C-976101B3998E} = {D46F141D-C0E8-4DA6-918C-976101B3998E}
	EndProjectSection
EndProject
Project("{8BC9CEB8-8B4A-11D0-8D11-00A0C91BC942}") = "FaceMngr", "FaceMngr\FaceMngr.vcproj", "{772FC5BE-591A-4267-8AF4-497BB0BE501C}"
	ProjectSection(ProjectDependencies) = postProject
		{D46F141D-C0E8-4DA6-918C-976101B3998E} = {D46F141D-C0E8-4DA6-918C-976101B3998E}
		{4643B42E-78DE-47E7-9A13-1D1F0E24CBAE} = {4643B42E-78DE-47E7-9A13-1D1F0E24CBAE}
		{DFA00580-5944-4AF4-9D27-A083BD64B988} = {DFA00580-5944-4AF4-9D27-A083BD64B988}
		{48125A94-D80F-4489-BD26-7F7F858251CB} = {48125A94-D80F-4489-BD26-7F7F858251CB}
		{84FD4FE6-F0CE-4669-B77A-440AF6D795EA} = {84FD4FE6-F0CE-4669-B77A-440AF6D795EA}
	EndProjectSection
EndProject
Project("{8BC9CEB8-8B4A-11D0-8D11-00A0C91BC942}") = "algotest", "algotest\algotest.vcproj", "{EBB0234E-C486-46A0-ABF6-C8E23D5B0C4D}"
	ProjectSection(ProjectDependencies) = postProject
		{D46F141D-C0E8-4DA6-918C-976101B3998E} = {D46F141D-C0E8-4DA6-918C-976101B3998E}
		{772FC5BE-591A-4267-8AF4-497BB0BE501C} = {772FC5BE-591A-4267-8AF4-497BB0BE501C}
	EndProjectSection
EndProject
Project("{8BC9CEB8-8B4A-11D0-8D11-00A0C91BC942}") = "frtest", "frtest\frtest.vcproj", "{F79BB14E-C9AB-4E07-A1E3-838C7105987D}"
	ProjectSection(ProjectDependencies) = postProject
		{D46F141D-C0E8-4DA6-918C-976101B3998E} = {D46F141D-C0E8-4DA6-918C-976101B3998E}
		{772FC5BE-591A-4267-8AF4-497BB0BE501C} = {772FC5BE-591A-4267-8AF4-497BB0BE501C}
	EndProjectSection
EndProject
Project("{54435603-DBB4-11D2-8724-00A0C9A8B90C}") = "faceRecog", "frsetup\frsetup.vdproj", "{AA7546C8-6D1E-4761-8172-90CB8BFD3C96}"
EndProject
Global
	GlobalSection(SolutionConfigurationPlatforms) = preSolution
		Debug|Win32 = Debug|Win32
		Release|Win32 = Release|Win32
	EndGlobalSection
	GlobalSection(ProjectConfigurationPlatforms) = postSolution
		{DFA00580-5944-4AF4-9D27-A083BD64B988}.Debug|Win32.ActiveCfg = Debug|Win32
		{DFA00580-5944-4AF4-9D27-A083BD64B988}.Debug|Win32.Build.0 = Debug|Win32
		{DFA00580-5944-4AF4-9D27-A083BD64B988}.Release|Win32.ActiveCfg = Release|Win32
		{DFA00580-5944-4AF4-9D27-A083BD64B988}.Release|Win32.Build.0 = Release|Win32
		{D46F141D-C0E8-4DA6-918C-976101B3998E}.Debug|Win32.ActiveCfg = Debug|Win32
		{D46F141D-C0E8-4DA6-918C-976101B3998E}.Debug|Win32.Build.0 = Debug|Win32
		{D46F141D-C0E8-4DA6-918C-976101B3998E}.Release|Win32.ActiveCfg = Release|Win32
		{D46F141D-C0E8-4DA6-918C-976101B3998E}.Release|Win32.Build.0 = Release|Win32
		{84FD4FE6-F0CE-4669-B77A-440AF6D795EA}.Debug|Win32.ActiveCfg = Debug|Win32
		{84FD4FE6-F0CE-4669-B77A-440AF6D795EA}.Debug|Win32.Build.0 = Debug|Win32
		{84FD4FE6-F0CE-4669-B77A-440AF6D795EA}.Release|Win32.ActiveCfg = Release|Win32
		{84FD4FE6-F0CE-4669-B77A-440AF6D795EA}.Release|Win32.Build.0 = Release|Win32
		{4643B42E-78DE-47E7-9A13-1D1F0E24CBAE}.Debug|Win32.ActiveCfg = Debug|Win32
		{4643B42E-78DE-47E7-9A13-1D1F0E24CBAE}.Debug|Win32.Build.0 = Debug|Win32
		{4643B42E-78DE-47E7-9A13-1D1F0E24CBAE}.Release|Win32.ActiveCfg = Release|Win32
		{4643B42E-78DE-47E7-9A13-1D1F0E24CBAE}.Release|Win32.Build.0 = Release|Win32
		{48125A94-D80F-4489-BD26-7F7F858251CB}.Debug|Win32.ActiveCfg = Debug|Win32
		{48125A94-D80F-4489-BD26-7F7F858251CB}.Debug|Win32.Build.0 = Debug|Win32
		{48125A94-D80F-4489-BD26-7F7F858251CB}.Release|Win32.ActiveCfg = Release|Win32
		{48125A94-D80F-4489-BD26-7F7F858251CB}.Release|Win32.Build.0 = Release|Win32
		{772FC5BE-591A-4267-8AF4-497BB0BE501C}.Debug|Win32.ActiveCfg = Debug|Win32
		{772FC5BE-591A-4267-8AF4-497BB0BE501C}.Debug|Win32.Build.0 = Debug|Win32
		{772FC5BE-591A-4267-8AF4-497BB0BE501C}.Release|Win32.ActiveCfg = Release|Win32
		{772FC5BE-591A-4267-8AF4-497BB0BE501C}.Release|Win32.Build.0 = Release|Win32
		{EBB0234E-C486-46A0-ABF6-C8E23D5B0C4D}.Debug|Win32.ActiveCfg = Debug|Win32
		{EBB0234E-C486-46A0-ABF6-C8E23D5B0C4D}.Debug|Win32.Build.0 = Debug|Win32
		{EBB0234E-C486-46A0-ABF6-C8E23D5B0C4D}.Release|Win32.ActiveCfg = Release|Win32
		{EBB0234E-C486-46A0-ABF6-C8E23D5B0C4D}.Release|Win32.Build.0 = Release|Win32
		{F79BB14E-C9AB-4E07-A1E3-838C7105987D}.Debug|Win32.ActiveCfg = Debug|Win32
		{F79BB14E-C9AB-4E07-A1E3-838C7105987D}.Debug|Win32.Build.0 = Debug|Win32
		{F79BB14E-C9AB-4E07-A1E3-838C7105987D}.Release|Win32.ActiveCfg = Release|Win32
		{F79BB14E-C9AB-4E07-A1E3-838C7105987D}.Release|Win32.Build.0 = Release|Win32
		{AA7546C8-6D1E-4761-8172-90CB8BFD3C96}.Debug|Win32.ActiveCfg = Debug
		{AA7546C8-6D1E-4761-8172-90CB8BFD3C96}.Debug|Win32.Build.0 = Debug
		{AA7546C8-6D1E-4761-8172-90CB8BFD3C96}.Release|Win32.ActiveCfg = Release
		{AA7546C8-6D1E-4761-8172-90CB8BFD3C96}.Release|Win32.Build.0 = Release
	EndGlobalSection
	GlobalSection(SolutionProperties) = preSolution
		HideSolutionNode = FALSE
	EndGlobalSection
EndGlobal
